FORGE
  remote: https://forgeapi.puppetlabs.com
  specs:
    nanliu-staging (1.0.3)
    puppetlabs-apt (1.7.0)
      puppetlabs-stdlib (>= 2.2.1)
    puppetlabs-java (1.3.0)
      puppetlabs-stdlib (>= 2.4.0)
    puppetlabs-mysql (3.3.0)
      nanliu-staging (~> 1.0)
      puppetlabs-stdlib (< 5.0.0, >= 3.2.0)
    puppetlabs-stdlib (4.5.1)

GIT
  remote: https://github.com/xiaogaozi/puppet-zookeeper.git
  ref: master
  sha: a78f5a7ca2b434760c608a612d382853e4a9b4b1
  specs:
    xiaogaozi-zookeeper (0.0.1)

GIT
  remote: https://github.com/zhihu/puppet-cdh.git
  ref: hbase
  sha: 892ae212777ff6fd7be189a29b3e2a54ee6bf727
  specs:
    zhihu-cdh (0.0.1)

DEPENDENCIES
  puppetlabs-apt (>= 0)
  puppetlabs-java (>= 0)
  puppetlabs-mysql (>= 0)
  xiaogaozi-zookeeper (>= 0)
  zhihu-cdh (>= 0)

